
Microsoft Visual Studio Solution File, Format Version 11.00
# Visual Studio 2010
Project("{FAE04EC0-301F-11D3-BF4B-00C04F79EFBC}") = "SuperReminder", "SuperReminder\SuperReminder.csproj", "{B0066EB6-3F9B-4283-8C59-EE5AE4D6BEB6}"
EndProject
Project("{FAE04EC0-301F-11D3-BF4B-00C04F79EFBC}") = "UnitTests", "UnitTests\UnitTests.csproj", "{42E92CF9-22D9-4F78-85D7-8DE0CAB53245}"
EndProject
Project("{2150E333-8FDC-42A3-9474-1A3956D46DE8}") = "Solution Items", "Solution Items", "{02C55FF0-6840-40B3-86B6-D11F9C55D0BF}"
	ProjectSection(SolutionItems) = preProject
		Local.testsettings = Local.testsettings
		SuperReminder.vsmdi = SuperReminder.vsmdi
		TraceAndTestImpact.testsettings = TraceAndTestImpact.testsettings
	EndProjectSection
EndProject
Project("{54435603-DBB4-11D2-8724-00A0C9A8B90C}") = "SetupSuperReminder", "SetupSuperReminder\SetupSuperReminder.vdproj", "{2EEAED35-BD21-417F-86E5-F1957469C354}"
EndProject
Global
	GlobalSection(TestCaseManagementSettings) = postSolution
		CategoryFile = SuperReminder.vsmdi
	EndGlobalSection
	GlobalSection(SolutionConfigurationPlatforms) = preSolution
		Debug|Any CPU = Debug|Any CPU
		Release|Any CPU = Release|Any CPU
	EndGlobalSection
	GlobalSection(ProjectConfigurationPlatforms) = postSolution
		{B0066EB6-3F9B-4283-8C59-EE5AE4D6BEB6}.Debug|Any CPU.ActiveCfg = Debug|Any CPU
		{B0066EB6-3F9B-4283-8C59-EE5AE4D6BEB6}.Debug|Any CPU.Build.0 = Debug|Any CPU
		{B0066EB6-3F9B-4283-8C59-EE5AE4D6BEB6}.Release|Any CPU.ActiveCfg = Release|Any CPU
		{B0066EB6-3F9B-4283-8C59-EE5AE4D6BEB6}.Release|Any CPU.Build.0 = Release|Any CPU
		{42E92CF9-22D9-4F78-85D7-8DE0CAB53245}.Debug|Any CPU.ActiveCfg = Debug|Any CPU
		{42E92CF9-22D9-4F78-85D7-8DE0CAB53245}.Debug|Any CPU.Build.0 = Debug|Any CPU
		{42E92CF9-22D9-4F78-85D7-8DE0CAB53245}.Release|Any CPU.ActiveCfg = Release|Any CPU
		{42E92CF9-22D9-4F78-85D7-8DE0CAB53245}.Release|Any CPU.Build.0 = Release|Any CPU
		{2EEAED35-BD21-417F-86E5-F1957469C354}.Debug|Any CPU.ActiveCfg = Debug
		{2EEAED35-BD21-417F-86E5-F1957469C354}.Release|Any CPU.ActiveCfg = Release
	EndGlobalSection
	GlobalSection(SolutionProperties) = preSolution
		HideSolutionNode = FALSE
	EndGlobalSection
EndGlobal
